
Microsoft Visual Studio Solution File, Format Version 12.00
# Visual Studio Version 16
VisualStudioVersion = 16.0.31702.278
MinimumVisualStudioVersion = 10.0.40219.1
Project("{FAE04EC0-301F-11D3-BF4B-00C04F79EFBC}") = "ConsoleApp2", "ConsoleApp2.csproj", "{B1AD2EF4-ADBF-4A94-9C4D-6142B8C9293A}"
EndProject
Global
	GlobalSection(SolutionConfigurationPlatforms) = preSolution
		Debug|Any CPU = Debug|Any CPU
		Release|Any CPU = Release|Any CPU
	EndGlobalSection
	GlobalSection(ProjectConfigurationPlatforms) = postSolution
		{B1AD2EF4-ADBF-4A94-9C4D-6142B8C9293A}.Debug|Any CPU.ActiveCfg = Debug|Any CPU
		{B1AD2EF4-ADBF-4A94-9C4D-6142B8C9293A}.Debug|Any CPU.Build.0 = Debug|Any CPU
		{B1AD2EF4-ADBF-4A94-9C4D-6142B8C9293A}.Release|Any CPU.ActiveCfg = Release|Any CPU
		{B1AD2EF4-ADBF-4A94-9C4D-6142B8C9293A}.Release|Any CPU.Build.0 = Release|Any CPU
	EndGlobalSection
	GlobalSection(SolutionProperties) = preSolution
		HideSolutionNode = FALSE
	EndGlobalSection
	GlobalSection(ExtensibilityGlobals) = postSolution
		SolutionGuid = {3DA1BAF4-8B10-4B5E-B536-8A716F404979}
	EndGlobalSection
EndGlobal
