
Microsoft Visual Studio Solution File, Format Version 12.00
# Visual Studio Version 17
VisualStudioVersion = 17.2.32519.379
MinimumVisualStudioVersion = 10.0.40219.1
Project("{FAE04EC0-301F-11D3-BF4B-00C04F79EFBC}") = "MLCRUD", "MLCRUD\MLCRUD.csproj", "{0DD4FFF8-ED26-403A-B574-484B98C4F5C8}"
EndProject
Global
	GlobalSection(SolutionConfigurationPlatforms) = preSolution
		Debug|Any CPU = Debug|Any CPU
		Release|Any CPU = Release|Any CPU
	EndGlobalSection
	GlobalSection(ProjectConfigurationPlatforms) = postSolution
		{0DD4FFF8-ED26-403A-B574-484B98C4F5C8}.Debug|Any CPU.ActiveCfg = Debug|Any CPU
		{0DD4FFF8-ED26-403A-B574-484B98C4F5C8}.Debug|Any CPU.Build.0 = Debug|Any CPU
		{0DD4FFF8-ED26-403A-B574-484B98C4F5C8}.Release|Any CPU.ActiveCfg = Release|Any CPU
		{0DD4FFF8-ED26-403A-B574-484B98C4F5C8}.Release|Any CPU.Build.0 = Release|Any CPU
	EndGlobalSection
	GlobalSection(SolutionProperties) = preSolution
		HideSolutionNode = FALSE
	EndGlobalSection
	GlobalSection(ExtensibilityGlobals) = postSolution
		SolutionGuid = {31BB029C-B023-4DF9-9DB7-22E31D5F90C0}
	EndGlobalSection
EndGlobal
